
Microsoft Visual Studio Solution File, Format Version 12.00
# Visual Studio 15
VisualStudioVersion = 15.0.26124.0
MinimumVisualStudioVersion = 15.0.26124.0
Project("{FAE04EC0-301F-11D3-BF4B-00C04F79EFBC}") = "TimeEntryApi", "TimeEntryApi\TimeEntryApi.csproj", "{2FD89E2B-19BC-40CC-814F-9D79C180063A}"
EndProject
Project("{FAE04EC0-301F-11D3-BF4B-00C04F79EFBC}") = "TimeEntryApi.Core", "TimeEntryApi.Core\TimeEntryApi.Core.csproj", "{85BE662E-9594-4AC6-B563-5292A35ACB4D}"
EndProject
Project("{FAE04EC0-301F-11D3-BF4B-00C04F79EFBC}") = "TimeEntryApi.Infrastructure", "TimeEntryApi.Infrastructure\TimeEntryApi.Infrastructure.csproj", "{1E5E2A86-8E50-496E-B113-933AE9DDA892}"
EndProject
Project("{FAE04EC0-301F-11D3-BF4B-00C04F79EFBC}") = "TimeEntryApi.Tests", "TimeEntryApi.Tests\TimeEntryApi.Tests.csproj", "{D1F6980F-24A8-4E87-8F44-2EA6B6651E5B}"
EndProject
Global
	GlobalSection(SolutionConfigurationPlatforms) = preSolution
		Debug|Any CPU = Debug|Any CPU
		Debug|x64 = Debug|x64
		Debug|x86 = Debug|x86
		Release|Any CPU = Release|Any CPU
		Release|x64 = Release|x64
		Release|x86 = Release|x86
	EndGlobalSection
	GlobalSection(SolutionProperties) = preSolution
		HideSolutionNode = FALSE
	EndGlobalSection
	GlobalSection(ProjectConfigurationPlatforms) = postSolution
		{2FD89E2B-19BC-40CC-814F-9D79C180063A}.Debug|Any CPU.ActiveCfg = Debug|Any CPU
		{2FD89E2B-19BC-40CC-814F-9D79C180063A}.Debug|Any CPU.Build.0 = Debug|Any CPU
		{2FD89E2B-19BC-40CC-814F-9D79C180063A}.Debug|x64.ActiveCfg = Debug|Any CPU
		{2FD89E2B-19BC-40CC-814F-9D79C180063A}.Debug|x64.Build.0 = Debug|Any CPU
		{2FD89E2B-19BC-40CC-814F-9D79C180063A}.Debug|x86.ActiveCfg = Debug|Any CPU
		{2FD89E2B-19BC-40CC-814F-9D79C180063A}.Debug|x86.Build.0 = Debug|Any CPU
		{2FD89E2B-19BC-40CC-814F-9D79C180063A}.Release|Any CPU.ActiveCfg = Release|Any CPU
		{2FD89E2B-19BC-40CC-814F-9D79C180063A}.Release|Any CPU.Build.0 = Release|Any CPU
		{2FD89E2B-19BC-40CC-814F-9D79C180063A}.Release|x64.ActiveCfg = Release|Any CPU
		{2FD89E2B-19BC-40CC-814F-9D79C180063A}.Release|x64.Build.0 = Release|Any CPU
		{2FD89E2B-19BC-40CC-814F-9D79C180063A}.Release|x86.ActiveCfg = Release|Any CPU
		{2FD89E2B-19BC-40CC-814F-9D79C180063A}.Release|x86.Build.0 = Release|Any CPU
		{85BE662E-9594-4AC6-B563-5292A35ACB4D}.Debug|Any CPU.ActiveCfg = Debug|Any CPU
		{85BE662E-9594-4AC6-B563-5292A35ACB4D}.Debug|Any CPU.Build.0 = Debug|Any CPU
		{85BE662E-9594-4AC6-B563-5292A35ACB4D}.Debug|x64.ActiveCfg = Debug|Any CPU
		{85BE662E-9594-4AC6-B563-5292A35ACB4D}.Debug|x64.Build.0 = Debug|Any CPU
		{85BE662E-9594-4AC6-B563-5292A35ACB4D}.Debug|x86.ActiveCfg = Debug|Any CPU
		{85BE662E-9594-4AC6-B563-5292A35ACB4D}.Debug|x86.Build.0 = Debug|Any CPU
		{85BE662E-9594-4AC6-B563-5292A35ACB4D}.Release|Any CPU.ActiveCfg = Release|Any CPU
		{85BE662E-9594-4AC6-B563-5292A35ACB4D}.Release|Any CPU.Build.0 = Release|Any CPU
		{85BE662E-9594-4AC6-B563-5292A35ACB4D}.Release|x64.ActiveCfg = Release|Any CPU
		{85BE662E-9594-4AC6-B563-5292A35ACB4D}.Release|x64.Build.0 = Release|Any CPU
		{85BE662E-9594-4AC6-B563-5292A35ACB4D}.Release|x86.ActiveCfg = Release|Any CPU
		{85BE662E-9594-4AC6-B563-5292A35ACB4D}.Release|x86.Build.0 = Release|Any CPU
		{1E5E2A86-8E50-496E-B113-933AE9DDA892}.Debug|Any CPU.ActiveCfg = Debug|Any CPU
		{1E5E2A86-8E50-496E-B113-933AE9DDA892}.Debug|Any CPU.Build.0 = Debug|Any CPU
		{1E5E2A86-8E50-496E-B113-933AE9DDA892}.Debug|x64.ActiveCfg = Debug|Any CPU
		{1E5E2A86-8E50-496E-B113-933AE9DDA892}.Debug|x64.Build.0 = Debug|Any CPU
		{1E5E2A86-8E50-496E-B113-933AE9DDA892}.Debug|x86.ActiveCfg = Debug|Any CPU
		{1E5E2A86-8E50-496E-B113-933AE9DDA892}.Debug|x86.Build.0 = Debug|Any CPU
		{1E5E2A86-8E50-496E-B113-933AE9DDA892}.Release|Any CPU.ActiveCfg = Release|Any CPU
		{1E5E2A86-8E50-496E-B113-933AE9DDA892}.Release|Any CPU.Build.0 = Release|Any CPU
		{1E5E2A86-8E50-496E-B113-933AE9DDA892}.Release|x64.ActiveCfg = Release|Any CPU
		{1E5E2A86-8E50-496E-B113-933AE9DDA892}.Release|x64.Build.0 = Release|Any CPU
		{1E5E2A86-8E50-496E-B113-933AE9DDA892}.Release|x86.ActiveCfg = Release|Any CPU
		{1E5E2A86-8E50-496E-B113-933AE9DDA892}.Release|x86.Build.0 = Release|Any CPU
		{D1F6980F-24A8-4E87-8F44-2EA6B6651E5B}.Debug|Any CPU.ActiveCfg = Debug|Any CPU
		{D1F6980F-24A8-4E87-8F44-2EA6B6651E5B}.Debug|Any CPU.Build.0 = Debug|Any CPU
		{D1F6980F-24A8-4E87-8F44-2EA6B6651E5B}.Debug|x64.ActiveCfg = Debug|Any CPU
		{D1F6980F-24A8-4E87-8F44-2EA6B6651E5B}.Debug|x64.Build.0 = Debug|Any CPU
		{D1F6980F-24A8-4E87-8F44-2EA6B6651E5B}.Debug|x86.ActiveCfg = Debug|Any CPU
		{D1F6980F-24A8-4E87-8F44-2EA6B6651E5B}.Debug|x86.Build.0 = Debug|Any CPU
		{D1F6980F-24A8-4E87-8F44-2EA6B6651E5B}.Release|Any CPU.ActiveCfg = Release|Any CPU
		{D1F6980F-24A8-4E87-8F44-2EA6B6651E5B}.Release|Any CPU.Build.0 = Release|Any CPU
		{D1F6980F-24A8-4E87-8F44-2EA6B6651E5B}.Release|x64.ActiveCfg = Release|Any CPU
		{D1F6980F-24A8-4E87-8F44-2EA6B6651E5B}.Release|x64.Build.0 = Release|Any CPU
		{D1F6980F-24A8-4E87-8F44-2EA6B6651E5B}.Release|x86.ActiveCfg = Release|Any CPU
		{D1F6980F-24A8-4E87-8F44-2EA6B6651E5B}.Release|x86.Build.0 = Release|Any CPU
	EndGlobalSection
EndGlobal
